
Microsoft Visual Studio Solution File, Format Version 12.00
# Visual Studio Version 16
VisualStudioVersion = 16.0.32802.440
MinimumVisualStudioVersion = 10.0.40219.1
Project("{8BC9CEB8-8B4A-11D0-8D11-00A0C91BC942}") = "П-30 Исупов Илья (Работа со строками 6.9) (Задание 5)", "П-30 Исупов Илья (Работа со строками 6.9) (Задание 5)\П-30 Исупов Илья (Работа со строками 6.9) (Задание 5).vcxproj", "{49A82251-04C3-4545-A8B2-82DDA59AEA97}"
EndProject
Global
	GlobalSection(SolutionConfigurationPlatforms) = preSolution
		Debug|x64 = Debug|x64
		Debug|x86 = Debug|x86
		Release|x64 = Release|x64
		Release|x86 = Release|x86
	EndGlobalSection
	GlobalSection(ProjectConfigurationPlatforms) = postSolution
		{49A82251-04C3-4545-A8B2-82DDA59AEA97}.Debug|x64.ActiveCfg = Debug|x64
		{49A82251-04C3-4545-A8B2-82DDA59AEA97}.Debug|x64.Build.0 = Debug|x64
		{49A82251-04C3-4545-A8B2-82DDA59AEA97}.Debug|x86.ActiveCfg = Debug|Win32
		{49A82251-04C3-4545-A8B2-82DDA59AEA97}.Debug|x86.Build.0 = Debug|Win32
		{49A82251-04C3-4545-A8B2-82DDA59AEA97}.Release|x64.ActiveCfg = Release|x64
		{49A82251-04C3-4545-A8B2-82DDA59AEA97}.Release|x64.Build.0 = Release|x64
		{49A82251-04C3-4545-A8B2-82DDA59AEA97}.Release|x86.ActiveCfg = Release|Win32
		{49A82251-04C3-4545-A8B2-82DDA59AEA97}.Release|x86.Build.0 = Release|Win32
	EndGlobalSection
	GlobalSection(SolutionProperties) = preSolution
		HideSolutionNode = FALSE
	EndGlobalSection
	GlobalSection(ExtensibilityGlobals) = postSolution
		SolutionGuid = {1909FD0A-55BD-4A1D-A6A4-2AAFD7C295C4}
	EndGlobalSection
EndGlobal
